
Microsoft Visual Studio Solution File, Format Version 12.00
# Visual Studio Version 16
VisualStudioVersion = 16.0.31727.386
MinimumVisualStudioVersion = 10.0.40219.1
Project("{9A19103F-16F7-4668-BE54-9A1E7A4F7556}") = "RemoveDeadCode", "RemoveDeadCode.csproj", "{B34F9CCA-6965-4EDE-818C-FB43691A22B2}"
EndProject
Global
	GlobalSection(SolutionConfigurationPlatforms) = preSolution
		Debug|Any CPU = Debug|Any CPU
		Release|Any CPU = Release|Any CPU
	EndGlobalSection
	GlobalSection(ProjectConfigurationPlatforms) = postSolution
		{B34F9CCA-6965-4EDE-818C-FB43691A22B2}.Debug|Any CPU.ActiveCfg = Debug|Any CPU
		{B34F9CCA-6965-4EDE-818C-FB43691A22B2}.Debug|Any CPU.Build.0 = Debug|Any CPU
		{B34F9CCA-6965-4EDE-818C-FB43691A22B2}.Release|Any CPU.ActiveCfg = Release|Any CPU
		{B34F9CCA-6965-4EDE-818C-FB43691A22B2}.Release|Any CPU.Build.0 = Release|Any CPU
	EndGlobalSection
	GlobalSection(SolutionProperties) = preSolution
		HideSolutionNode = FALSE
	EndGlobalSection
	GlobalSection(ExtensibilityGlobals) = postSolution
		SolutionGuid = {C62B3304-EAE9-4850-9DBC-8EB66BCAB68C}
	EndGlobalSection
EndGlobal
